
Microsoft Visual Studio Solution File, Format Version 12.00
# Visual Studio Version 17
VisualStudioVersion = 17.5.001.0
MinimumVisualStudioVersion = 10.0.40219.1
Project("{9A19103F-16F7-4668-BE54-9A1E7A4F7556}") = "Backend", "Backend.csproj", "{AAF9739C-8F0D-4027-BC56-96EE47FE3B3E}"
EndProject
Global
	GlobalSection(SolutionConfigurationPlatforms) = preSolution
		Debug|Any CPU = Debug|Any CPU
		Release|Any CPU = Release|Any CPU
	EndGlobalSection
	GlobalSection(ProjectConfigurationPlatforms) = postSolution
		{AAF9739C-8F0D-4027-BC56-96EE47FE3B3E}.Debug|Any CPU.ActiveCfg = Debug|Any CPU
		{AAF9739C-8F0D-4027-BC56-96EE47FE3B3E}.Debug|Any CPU.Build.0 = Debug|Any CPU
		{AAF9739C-8F0D-4027-BC56-96EE47FE3B3E}.Release|Any CPU.ActiveCfg = Release|Any CPU
		{AAF9739C-8F0D-4027-BC56-96EE47FE3B3E}.Release|Any CPU.Build.0 = Release|Any CPU
	EndGlobalSection
	GlobalSection(SolutionProperties) = preSolution
		HideSolutionNode = FALSE
	EndGlobalSection
	GlobalSection(ExtensibilityGlobals) = postSolution
		SolutionGuid = {31A1BBF2-2411-4619-AC01-AC30D1AB6165}
	EndGlobalSection
EndGlobal
